
Microsoft Visual Studio Solution File, Format Version 12.00
# Visual Studio Version 17
VisualStudioVersion = 17.0.32126.317
MinimumVisualStudioVersion = 10.0.40219.1
Project("{9A19103F-16F7-4668-BE54-9A1E7A4F7556}") = "ConsoleApp5", "ConsoleApp5.csproj", "{6EAE239E-681B-4950-A567-4CC167F53633}"
EndProject
Project("{9A19103F-16F7-4668-BE54-9A1E7A4F7556}") = "ConsoleApp5Tests", "..\ConsoleApp5Tests1\ConsoleApp5Tests.csproj", "{D62F05EC-71E8-4CBC-9C5D-E7775D9E0EA8}"
EndProject
Global
	GlobalSection(SolutionConfigurationPlatforms) = preSolution
		Debug|Any CPU = Debug|Any CPU
		Release|Any CPU = Release|Any CPU
	EndGlobalSection
	GlobalSection(ProjectConfigurationPlatforms) = postSolution
		{6EAE239E-681B-4950-A567-4CC167F53633}.Debug|Any CPU.ActiveCfg = Debug|Any CPU
		{6EAE239E-681B-4950-A567-4CC167F53633}.Debug|Any CPU.Build.0 = Debug|Any CPU
		{6EAE239E-681B-4950-A567-4CC167F53633}.Release|Any CPU.ActiveCfg = Release|Any CPU
		{6EAE239E-681B-4950-A567-4CC167F53633}.Release|Any CPU.Build.0 = Release|Any CPU
		{D62F05EC-71E8-4CBC-9C5D-E7775D9E0EA8}.Debug|Any CPU.ActiveCfg = Debug|Any CPU
		{D62F05EC-71E8-4CBC-9C5D-E7775D9E0EA8}.Debug|Any CPU.Build.0 = Debug|Any CPU
		{D62F05EC-71E8-4CBC-9C5D-E7775D9E0EA8}.Release|Any CPU.ActiveCfg = Release|Any CPU
		{D62F05EC-71E8-4CBC-9C5D-E7775D9E0EA8}.Release|Any CPU.Build.0 = Release|Any CPU
	EndGlobalSection
	GlobalSection(SolutionProperties) = preSolution
		HideSolutionNode = FALSE
	EndGlobalSection
	GlobalSection(ExtensibilityGlobals) = postSolution
		SolutionGuid = {34759106-317B-4C49-B513-5841EC9CCBD3}
	EndGlobalSection
EndGlobal
